
Microsoft Visual Studio Solution File, Format Version 12.00
# Visual Studio Version 17
VisualStudioVersion = 17.8.34302.71
MinimumVisualStudioVersion = 10.0.40219.1
Project("{FAE04EC0-301F-11D3-BF4B-00C04F79EFBC}") = "Corvus.Expressions.Common", "Corvus.Expressions.Common\Corvus.Expressions.Common.csproj", "{C919B5E4-76BC-4C97-AA8B-5692B2778C3F}"
EndProject
Project("{FAE04EC0-301F-11D3-BF4B-00C04F79EFBC}") = "Sandbox", "Sandbox\Sandbox.csproj", "{87B1EB25-4AEF-4E49-B56D-AB9533EFF23D}"
EndProject
Project("{FAE04EC0-301F-11D3-BF4B-00C04F79EFBC}") = "Corvus.Expressions.SourceGenerator", "Corvus.Expressions.SourceGenerator\Corvus.Expressions.SourceGenerator.csproj", "{CA38D7F2-4247-410D-9E4A-995E49153F0B}"
EndProject
Global
	GlobalSection(SolutionConfigurationPlatforms) = preSolution
		Debug|Any CPU = Debug|Any CPU
		Release|Any CPU = Release|Any CPU
	EndGlobalSection
	GlobalSection(ProjectConfigurationPlatforms) = postSolution
		{C919B5E4-76BC-4C97-AA8B-5692B2778C3F}.Debug|Any CPU.ActiveCfg = Debug|Any CPU
		{C919B5E4-76BC-4C97-AA8B-5692B2778C3F}.Debug|Any CPU.Build.0 = Debug|Any CPU
		{C919B5E4-76BC-4C97-AA8B-5692B2778C3F}.Release|Any CPU.ActiveCfg = Release|Any CPU
		{C919B5E4-76BC-4C97-AA8B-5692B2778C3F}.Release|Any CPU.Build.0 = Release|Any CPU
		{87B1EB25-4AEF-4E49-B56D-AB9533EFF23D}.Debug|Any CPU.ActiveCfg = Debug|Any CPU
		{87B1EB25-4AEF-4E49-B56D-AB9533EFF23D}.Debug|Any CPU.Build.0 = Debug|Any CPU
		{87B1EB25-4AEF-4E49-B56D-AB9533EFF23D}.Release|Any CPU.ActiveCfg = Release|Any CPU
		{87B1EB25-4AEF-4E49-B56D-AB9533EFF23D}.Release|Any CPU.Build.0 = Release|Any CPU
		{CA38D7F2-4247-410D-9E4A-995E49153F0B}.Debug|Any CPU.ActiveCfg = Debug|Any CPU
		{CA38D7F2-4247-410D-9E4A-995E49153F0B}.Debug|Any CPU.Build.0 = Debug|Any CPU
		{CA38D7F2-4247-410D-9E4A-995E49153F0B}.Release|Any CPU.ActiveCfg = Release|Any CPU
		{CA38D7F2-4247-410D-9E4A-995E49153F0B}.Release|Any CPU.Build.0 = Release|Any CPU
	EndGlobalSection
	GlobalSection(SolutionProperties) = preSolution
		HideSolutionNode = FALSE
	EndGlobalSection
	GlobalSection(ExtensibilityGlobals) = postSolution
		SolutionGuid = {4107433C-F782-4AE3-B774-291AE98BAD9A}
	EndGlobalSection
EndGlobal
